
Microsoft Visual Studio Solution File, Format Version 12.00
# Visual Studio 15
VisualStudioVersion = 15.0.26403.0
MinimumVisualStudioVersion = 10.0.40219.1
Project("{FAE04EC0-301F-11D3-BF4B-00C04F79EFBC}") = "csharp-bambou", "csharp-bambou\csharp-bambou.csproj", "{4A9CF828-FCAB-41E6-A42B-8DD87C37C69F}"
EndProject
Global
	GlobalSection(SolutionConfigurationPlatforms) = preSolution
		Debug|Any CPU = Debug|Any CPU
		Release|Any CPU = Release|Any CPU
	EndGlobalSection
	GlobalSection(ProjectConfigurationPlatforms) = postSolution
		{4A9CF828-FCAB-41E6-A42B-8DD87C37C69F}.Debug|Any CPU.ActiveCfg = Debug|Any CPU
		{4A9CF828-FCAB-41E6-A42B-8DD87C37C69F}.Debug|Any CPU.Build.0 = Debug|Any CPU
		{4A9CF828-FCAB-41E6-A42B-8DD87C37C69F}.Release|Any CPU.ActiveCfg = Release|Any CPU
		{4A9CF828-FCAB-41E6-A42B-8DD87C37C69F}.Release|Any CPU.Build.0 = Release|Any CPU
	EndGlobalSection
	GlobalSection(SolutionProperties) = preSolution
		HideSolutionNode = FALSE
	EndGlobalSection
EndGlobal
